
Microsoft Visual Studio Solution File, Format Version 12.00
# Visual Studio Version 17
VisualStudioVersion = 17.13.35931.197
MinimumVisualStudioVersion = 10.0.40219.1
Project("{FAE04EC0-301F-11D3-BF4B-00C04F79EFBC}") = "Application", "Application\Application.csproj", "{96294E2D-6B74-4766-B727-D2E45902A9EE}"
EndProject
Project("{FAE04EC0-301F-11D3-BF4B-00C04F79EFBC}") = "Domain", "Domain\Domain.csproj", "{804CBBC5-DA14-4DA2-97A9-FECAC37931A0}"
EndProject
Project("{FAE04EC0-301F-11D3-BF4B-00C04F79EFBC}") = "Infrastructure", "Infrastructure\Infrastructure.csproj", "{31D82414-588D-4ADD-A0B3-3F2071AD8BE6}"
EndProject
Project("{FAE04EC0-301F-11D3-BF4B-00C04F79EFBC}") = "Persistence", "Persistence\Persistence.csproj", "{57D72592-7AEF-4A54-86D1-B72D448CF5AB}"
EndProject
Project("{FAE04EC0-301F-11D3-BF4B-00C04F79EFBC}") = "WebAPI", "WebAPI\WebAPI.csproj", "{13BAA851-1F10-4F94-9A4F-0C76110FDF93}"
EndProject
Project("{FAE04EC0-301F-11D3-BF4B-00C04F79EFBC}") = "WebUI", "WebUI\WebUI.csproj", "{6A4FB6FD-5DCC-4DEC-B7B5-7B32793B7ACB}"
EndProject
Project("{FAE04EC0-301F-11D3-BF4B-00C04F79EFBC}") = "Hashing", "Hashing\Hashing.csproj", "{09FE170A-78A3-4DA7-B281-7E3D4E1D76E5}"
EndProject
Global
	GlobalSection(SolutionConfigurationPlatforms) = preSolution
		Debug|Any CPU = Debug|Any CPU
		Release|Any CPU = Release|Any CPU
	EndGlobalSection
	GlobalSection(ProjectConfigurationPlatforms) = postSolution
		{96294E2D-6B74-4766-B727-D2E45902A9EE}.Debug|Any CPU.ActiveCfg = Debug|Any CPU
		{96294E2D-6B74-4766-B727-D2E45902A9EE}.Debug|Any CPU.Build.0 = Debug|Any CPU
		{96294E2D-6B74-4766-B727-D2E45902A9EE}.Release|Any CPU.ActiveCfg = Release|Any CPU
		{96294E2D-6B74-4766-B727-D2E45902A9EE}.Release|Any CPU.Build.0 = Release|Any CPU
		{804CBBC5-DA14-4DA2-97A9-FECAC37931A0}.Debug|Any CPU.ActiveCfg = Debug|Any CPU
		{804CBBC5-DA14-4DA2-97A9-FECAC37931A0}.Debug|Any CPU.Build.0 = Debug|Any CPU
		{804CBBC5-DA14-4DA2-97A9-FECAC37931A0}.Release|Any CPU.ActiveCfg = Release|Any CPU
		{804CBBC5-DA14-4DA2-97A9-FECAC37931A0}.Release|Any CPU.Build.0 = Release|Any CPU
		{31D82414-588D-4ADD-A0B3-3F2071AD8BE6}.Debug|Any CPU.ActiveCfg = Debug|Any CPU
		{31D82414-588D-4ADD-A0B3-3F2071AD8BE6}.Debug|Any CPU.Build.0 = Debug|Any CPU
		{31D82414-588D-4ADD-A0B3-3F2071AD8BE6}.Release|Any CPU.ActiveCfg = Release|Any CPU
		{31D82414-588D-4ADD-A0B3-3F2071AD8BE6}.Release|Any CPU.Build.0 = Release|Any CPU
		{57D72592-7AEF-4A54-86D1-B72D448CF5AB}.Debug|Any CPU.ActiveCfg = Debug|Any CPU
		{57D72592-7AEF-4A54-86D1-B72D448CF5AB}.Debug|Any CPU.Build.0 = Debug|Any CPU
		{57D72592-7AEF-4A54-86D1-B72D448CF5AB}.Release|Any CPU.ActiveCfg = Release|Any CPU
		{57D72592-7AEF-4A54-86D1-B72D448CF5AB}.Release|Any CPU.Build.0 = Release|Any CPU
		{13BAA851-1F10-4F94-9A4F-0C76110FDF93}.Debug|Any CPU.ActiveCfg = Debug|Any CPU
		{13BAA851-1F10-4F94-9A4F-0C76110FDF93}.Debug|Any CPU.Build.0 = Debug|Any CPU
		{13BAA851-1F10-4F94-9A4F-0C76110FDF93}.Release|Any CPU.ActiveCfg = Release|Any CPU
		{13BAA851-1F10-4F94-9A4F-0C76110FDF93}.Release|Any CPU.Build.0 = Release|Any CPU
		{6A4FB6FD-5DCC-4DEC-B7B5-7B32793B7ACB}.Debug|Any CPU.ActiveCfg = Debug|Any CPU
		{6A4FB6FD-5DCC-4DEC-B7B5-7B32793B7ACB}.Debug|Any CPU.Build.0 = Debug|Any CPU
		{6A4FB6FD-5DCC-4DEC-B7B5-7B32793B7ACB}.Release|Any CPU.ActiveCfg = Release|Any CPU
		{6A4FB6FD-5DCC-4DEC-B7B5-7B32793B7ACB}.Release|Any CPU.Build.0 = Release|Any CPU
		{09FE170A-78A3-4DA7-B281-7E3D4E1D76E5}.Debug|Any CPU.ActiveCfg = Debug|Any CPU
		{09FE170A-78A3-4DA7-B281-7E3D4E1D76E5}.Debug|Any CPU.Build.0 = Debug|Any CPU
		{09FE170A-78A3-4DA7-B281-7E3D4E1D76E5}.Release|Any CPU.ActiveCfg = Release|Any CPU
		{09FE170A-78A3-4DA7-B281-7E3D4E1D76E5}.Release|Any CPU.Build.0 = Release|Any CPU
	EndGlobalSection
	GlobalSection(SolutionProperties) = preSolution
		HideSolutionNode = FALSE
	EndGlobalSection
	GlobalSection(ExtensibilityGlobals) = postSolution
		SolutionGuid = {9C62988A-0AEB-40B6-8AD2-1964C5A7B982}
	EndGlobalSection
EndGlobal
